
Microsoft Visual Studio Solution File, Format Version 12.00
# Visual Studio Version 17
VisualStudioVersion = 17.11.35327.3
MinimumVisualStudioVersion = 10.0.40219.1
Project("{FAE04EC0-301F-11D3-BF4B-00C04F79EFBC}") = "OOP_Assignment", "OOP_Assignment\OOP_Assignment.csproj", "{A388C7E6-CDE9-4ED7-A523-52F7152ADD3F}"
EndProject
Global
	GlobalSection(SolutionConfigurationPlatforms) = preSolution
		Debug|Any CPU = Debug|Any CPU
		Release|Any CPU = Release|Any CPU
	EndGlobalSection
	GlobalSection(ProjectConfigurationPlatforms) = postSolution
		{A388C7E6-CDE9-4ED7-A523-52F7152ADD3F}.Debug|Any CPU.ActiveCfg = Debug|Any CPU
		{A388C7E6-CDE9-4ED7-A523-52F7152ADD3F}.Debug|Any CPU.Build.0 = Debug|Any CPU
		{A388C7E6-CDE9-4ED7-A523-52F7152ADD3F}.Release|Any CPU.ActiveCfg = Release|Any CPU
		{A388C7E6-CDE9-4ED7-A523-52F7152ADD3F}.Release|Any CPU.Build.0 = Release|Any CPU
	EndGlobalSection
	GlobalSection(SolutionProperties) = preSolution
		HideSolutionNode = FALSE
	EndGlobalSection
	GlobalSection(ExtensibilityGlobals) = postSolution
		SolutionGuid = {66DF44D6-6C46-41EA-8F28-A9FDE64973F4}
	EndGlobalSection
EndGlobal
